// !$*UTF8*$!
{
	archiveVersion = 1;
	classes = {
	};
	objectVersion = 55;
	objects = {

/* Begin PBXBuildFile section */
		E839646A27FDDD5D00DA1188 /* SchemeHandlerTableVC.swift in Sources */ = {isa = PBXBuildFile; fileRef = E839646927FDDD5D00DA1188 /* SchemeHandlerTableVC.swift */; };
		E839646D27FDE51F00DA1188 /* KeyPathArrayDataSource.swift in Sources */ = {isa = PBXBuildFile; fileRef = E839646C27FDE51F00DA1188 /* KeyPathArrayDataSource.swift */; };
		E839647427FDE82400DA1188 /* SchemesToolbar.swift in Sources */ = {isa = PBXBuildFile; fileRef = E839647327FDE82400DA1188 /* SchemesToolbar.swift */; };
		E848E30527FF180700F92C3C /* AppInspector.swift in Sources */ = {isa = PBXBuildFile; fileRef = E848E30427FF180700F92C3C /* AppInspector.swift */; };
		E848E30727FF196D00F92C3C /* SchemeHandlerTableView.swift in Sources */ = {isa = PBXBuildFile; fileRef = E848E30627FF196D00F92C3C /* SchemeHandlerTableView.swift */; };
		E848E30927FF1F8600F92C3C /* SchemeHandlerList.swift in Sources */ = {isa = PBXBuildFile; fileRef = E848E30827FF1F8600F92C3C /* SchemeHandlerList.swift */; };
		E848E30B27FF29A200F92C3C /* SchemeCell.swift in Sources */ = {isa = PBXBuildFile; fileRef = E848E30A27FF29A200F92C3C /* SchemeCell.swift */; };
		E872B272280031F800D1D3F3 /* HandlerCell.swift in Sources */ = {isa = PBXBuildFile; fileRef = E872B271280031F800D1D3F3 /* HandlerCell.swift */; };
		E8C0243227FDBC4B00EDE498 /* Assets.xcassets in Resources */ = {isa = PBXBuildFile; fileRef = E8C0243127FDBC4B00EDE498 /* Assets.xcassets */; };
		E8C0243527FDBC4B00EDE498 /* Preview Assets.xcassets in Resources */ = {isa = PBXBuildFile; fileRef = E8C0243427FDBC4B00EDE498 /* Preview Assets.xcassets */; };
		E8C0244027FDBC8D00EDE498 /* SchemesUIApp.swift in Sources */ = {isa = PBXBuildFile; fileRef = E8C0243E27FDBC8D00EDE498 /* SchemesUIApp.swift */; };
		E8C0244127FDBC8E00EDE498 /* ContentView.swift in Sources */ = {isa = PBXBuildFile; fileRef = E8C0243F27FDBC8D00EDE498 /* ContentView.swift */; };
		E8C0244427FDBCA700EDE498 /* Entry.swift in Sources */ = {isa = PBXBuildFile; fileRef = E8C0244327FDBCA700EDE498 /* Entry.swift */; };
		E8C0244627FDBD1A00EDE498 /* URLExtensions.swift in Sources */ = {isa = PBXBuildFile; fileRef = E8C0244527FDBD1A00EDE498 /* URLExtensions.swift */; };
		E8C0244827FDBD8300EDE498 /* LaunchServices.swift in Sources */ = {isa = PBXBuildFile; fileRef = E8C0244727FDBD8300EDE498 /* LaunchServices.swift */; };
		E8C0244A27FDC00000EDE498 /* LaunchServicesFunctions.swift in Sources */ = {isa = PBXBuildFile; fileRef = E8C0244927FDC00000EDE498 /* LaunchServicesFunctions.swift */; };
/* End PBXBuildFile section */

/* Begin PBXFileReference section */
		E839646927FDDD5D00DA1188 /* SchemeHandlerTableVC.swift */ = {isa = PBXFileReference; lastKnownFileType = sourcecode.swift; path = SchemeHandlerTableVC.swift; sourceTree = "<group>"; };
		E839646C27FDE51F00DA1188 /* KeyPathArrayDataSource.swift */ = {isa = PBXFileReference; lastKnownFileType = sourcecode.swift; path = KeyPathArrayDataSource.swift; sourceTree = "<group>"; };
		E839647327FDE82400DA1188 /* SchemesToolbar.swift */ = {isa = PBXFileReference; lastKnownFileType = sourcecode.swift; path = SchemesToolbar.swift; sourceTree = "<group>"; };
		E83A71E0280040A100A7115C /* Schemes.entitlements */ = {isa = PBXFileReference; lastKnownFileType = text.plist.entitlements; path = Schemes.entitlements; sourceTree = "<group>"; };
		E848E30427FF180700F92C3C /* AppInspector.swift */ = {isa = PBXFileReference; lastKnownFileType = sourcecode.swift; path = AppInspector.swift; sourceTree = "<group>"; };
		E848E30627FF196D00F92C3C /* SchemeHandlerTableView.swift */ = {isa = PBXFileReference; lastKnownFileType = sourcecode.swift; path = SchemeHandlerTableView.swift; sourceTree = "<group>"; };
		E848E30827FF1F8600F92C3C /* SchemeHandlerList.swift */ = {isa = PBXFileReference; lastKnownFileType = sourcecode.swift; path = SchemeHandlerList.swift; sourceTree = "<group>"; };
		E848E30A27FF29A200F92C3C /* SchemeCell.swift */ = {isa = PBXFileReference; lastKnownFileType = sourcecode.swift; path = SchemeCell.swift; sourceTree = "<group>"; };
		E872B271280031F800D1D3F3 /* HandlerCell.swift */ = {isa = PBXFileReference; lastKnownFileType = sourcecode.swift; path = HandlerCell.swift; sourceTree = "<group>"; };
		E8C0242A27FDBC4A00EDE498 /* Schemes.app */ = {isa = PBXFileReference; explicitFileType = wrapper.application; includeInIndex = 0; path = Schemes.app; sourceTree = BUILT_PRODUCTS_DIR; };
		E8C0243127FDBC4B00EDE498 /* Assets.xcassets */ = {isa = PBXFileReference; lastKnownFileType = folder.assetcatalog; path = Assets.xcassets; sourceTree = "<group>"; };
		E8C0243427FDBC4B00EDE498 /* Preview Assets.xcassets */ = {isa = PBXFileReference; lastKnownFileType = folder.assetcatalog; path = "Preview Assets.xcassets"; sourceTree = "<group>"; };
		E8C0243E27FDBC8D00EDE498 /* SchemesUIApp.swift */ = {isa = PBXFileReference; fileEncoding = 4; lastKnownFileType = sourcecode.swift; path = SchemesUIApp.swift; sourceTree = "<group>"; };
		E8C0243F27FDBC8D00EDE498 /* ContentView.swift */ = {isa = PBXFileReference; fileEncoding = 4; lastKnownFileType = sourcecode.swift; path = ContentView.swift; sourceTree = "<group>"; };
		E8C0244327FDBCA700EDE498 /* Entry.swift */ = {isa = PBXFileReference; lastKnownFileType = sourcecode.swift; path = Entry.swift; sourceTree = "<group>"; };
		E8C0244527FDBD1A00EDE498 /* URLExtensions.swift */ = {isa = PBXFileReference; lastKnownFileType = sourcecode.swift; path = URLExtensions.swift; sourceTree = "<group>"; };
		E8C0244727FDBD8300EDE498 /* LaunchServices.swift */ = {isa = PBXFileReference; lastKnownFileType = sourcecode.swift; path = LaunchServices.swift; sourceTree = "<group>"; };
		E8C0244927FDC00000EDE498 /* LaunchServicesFunctions.swift */ = {isa = PBXFileReference; lastKnownFileType = sourcecode.swift; path = LaunchServicesFunctions.swift; sourceTree = "<group>"; };
/* End PBXFileReference section */

/* Begin PBXFrameworksBuildPhase section */
		E8C0242727FDBC4A00EDE498 /* Frameworks */ = {
			isa = PBXFrameworksBuildPhase;
			buildActionMask = 2147483647;
			files = (
			);
			runOnlyForDeploymentPostprocessing = 0;
		};
/* End PBXFrameworksBuildPhase section */

/* Begin PBXGroup section */
		E848E30327FF17EB00F92C3C /* Views */ = {
			isa = PBXGroup;
			children = (
				E848E30627FF196D00F92C3C /* SchemeHandlerTableView.swift */,
				E848E30827FF1F8600F92C3C /* SchemeHandlerList.swift */,
				E848E30A27FF29A200F92C3C /* SchemeCell.swift */,
				E872B271280031F800D1D3F3 /* HandlerCell.swift */,
				E848E30427FF180700F92C3C /* AppInspector.swift */,
			);
			path = Views;
			sourceTree = "<group>";
		};
		E872B2732800325800D1D3F3 /* Utilities */ = {
			isa = PBXGroup;
			children = (
				E8C0244927FDC00000EDE498 /* LaunchServicesFunctions.swift */,
				E8C0244527FDBD1A00EDE498 /* URLExtensions.swift */,
			);
			path = Utilities;
			sourceTree = "<group>";
		};
		E8C0242127FDBC4A00EDE498 = {
			isa = PBXGroup;
			children = (
				E8C0243C27FDBC8D00EDE498 /* Sources */,
				E8C0242C27FDBC4A00EDE498 /* Schemes */,
				E8C0242B27FDBC4A00EDE498 /* Products */,
			);
			sourceTree = "<group>";
		};
		E8C0242B27FDBC4A00EDE498 /* Products */ = {
			isa = PBXGroup;
			children = (
				E8C0242A27FDBC4A00EDE498 /* Schemes.app */,
			);
			name = Products;
			sourceTree = "<group>";
		};
		E8C0242C27FDBC4A00EDE498 /* Schemes */ = {
			isa = PBXGroup;
			children = (
				E8C0243127FDBC4B00EDE498 /* Assets.xcassets */,
				E83A71E0280040A100A7115C /* Schemes.entitlements */,
				E8C0243327FDBC4B00EDE498 /* Preview Content */,
			);
			path = Schemes;
			sourceTree = "<group>";
		};
		E8C0243327FDBC4B00EDE498 /* Preview Content */ = {
			isa = PBXGroup;
			children = (
				E8C0243427FDBC4B00EDE498 /* Preview Assets.xcassets */,
			);
			path = "Preview Content";
			sourceTree = "<group>";
		};
		E8C0243C27FDBC8D00EDE498 /* Sources */ = {
			isa = PBXGroup;
			children = (
				E8C0243D27FDBC8D00EDE498 /* Schemes */,
			);
			path = Sources;
			sourceTree = SOURCE_ROOT;
		};
		E8C0243D27FDBC8D00EDE498 /* Schemes */ = {
			isa = PBXGroup;
			children = (
				E8C0243E27FDBC8D00EDE498 /* SchemesUIApp.swift */,
				E8C0243F27FDBC8D00EDE498 /* ContentView.swift */,
				E839647327FDE82400DA1188 /* SchemesToolbar.swift */,
				E839646927FDDD5D00DA1188 /* SchemeHandlerTableVC.swift */,
				E848E30327FF17EB00F92C3C /* Views */,
				E8C0244227FDBC9D00EDE498 /* Model */,
				E872B2732800325800D1D3F3 /* Utilities */,
			);
			path = Schemes;
			sourceTree = "<group>";
		};
		E8C0244227FDBC9D00EDE498 /* Model */ = {
			isa = PBXGroup;
			children = (
				E8C0244727FDBD8300EDE498 /* LaunchServices.swift */,
				E8C0244327FDBCA700EDE498 /* Entry.swift */,
				E839646C27FDE51F00DA1188 /* KeyPathArrayDataSource.swift */,
			);
			path = Model;
			sourceTree = "<group>";
		};
/* End PBXGroup section */

/* Begin PBXNativeTarget section */
		E8C0242927FDBC4A00EDE498 /* Schemes */ = {
			isa = PBXNativeTarget;
			buildConfigurationList = E8C0243927FDBC4B00EDE498 /* Build configuration list for PBXNativeTarget "Schemes" */;
			buildPhases = (
				E8C0242627FDBC4A00EDE498 /* Sources */,
				E8C0242727FDBC4A00EDE498 /* Frameworks */,
				E8C0242827FDBC4A00EDE498 /* Resources */,
			);
			buildRules = (
			);
			dependencies = (
			);
			name = Schemes;
			productName = SchemesUI;
			productReference = E8C0242A27FDBC4A00EDE498 /* Schemes.app */;
			productType = "com.apple.product-type.application";
		};
/* End PBXNativeTarget section */

/* Begin PBXProject section */
		E8C0242227FDBC4A00EDE498 /* Project object */ = {
			isa = PBXProject;
			attributes = {
				BuildIndependentTargetsInParallel = 1;
				LastSwiftUpdateCheck = 1320;
				LastUpgradeCheck = 1330;
				TargetAttributes = {
					E8C0242927FDBC4A00EDE498 = {
						CreatedOnToolsVersion = 13.2.1;
					};
				};
			};
			buildConfigurationList = E8C0242527FDBC4A00EDE498 /* Build configuration list for PBXProject "Schemes" */;
			compatibilityVersion = "Xcode 13.0";
			developmentRegion = en;
			hasScannedForEncodings = 0;
			knownRegions = (
				en,
				Base,
			);
			mainGroup = E8C0242127FDBC4A00EDE498;
			productRefGroup = E8C0242B27FDBC4A00EDE498 /* Products */;
			projectDirPath = "";
			projectRoot = "";
			targets = (
				E8C0242927FDBC4A00EDE498 /* Schemes */,
			);
		};
/* End PBXProject section */

/* Begin PBXResourcesBuildPhase section */
		E8C0242827FDBC4A00EDE498 /* Resources */ = {
			isa = PBXResourcesBuildPhase;
			buildActionMask = 2147483647;
			files = (
				E8C0243527FDBC4B00EDE498 /* Preview Assets.xcassets in Resources */,
				E8C0243227FDBC4B00EDE498 /* Assets.xcassets in Resources */,
			);
			runOnlyForDeploymentPostprocessing = 0;
		};
/* End PBXResourcesBuildPhase section */

/* Begin PBXSourcesBuildPhase section */
		E8C0242627FDBC4A00EDE498 /* Sources */ = {
			isa = PBXSourcesBuildPhase;
			buildActionMask = 2147483647;
			files = (
				E839647427FDE82400DA1188 /* SchemesToolbar.swift in Sources */,
				E848E30527FF180700F92C3C /* AppInspector.swift in Sources */,
				E848E30927FF1F8600F92C3C /* SchemeHandlerList.swift in Sources */,
				E8C0244427FDBCA700EDE498 /* Entry.swift in Sources */,
				E8C0244827FDBD8300EDE498 /* LaunchServices.swift in Sources */,
				E8C0244A27FDC00000EDE498 /* LaunchServicesFunctions.swift in Sources */,
				E848E30727FF196D00F92C3C /* SchemeHandlerTableView.swift in Sources */,
				E872B272280031F800D1D3F3 /* HandlerCell.swift in Sources */,
				E8C0244627FDBD1A00EDE498 /* URLExtensions.swift in Sources */,
				E8C0244027FDBC8D00EDE498 /* SchemesUIApp.swift in Sources */,
				E839646A27FDDD5D00DA1188 /* SchemeHandlerTableVC.swift in Sources */,
				E839646D27FDE51F00DA1188 /* KeyPathArrayDataSource.swift in Sources */,
				E8C0244127FDBC8E00EDE498 /* ContentView.swift in Sources */,
				E848E30B27FF29A200F92C3C /* SchemeCell.swift in Sources */,
			);
			runOnlyForDeploymentPostprocessing = 0;
		};
/* End PBXSourcesBuildPhase section */

/* Begin XCBuildConfiguration section */
		E8C0243727FDBC4B00EDE498 /* Debug */ = {
			isa = XCBuildConfiguration;
			buildSettings = {
				ALWAYS_SEARCH_USER_PATHS = NO;
				CLANG_ANALYZER_NONNULL = YES;
				CLANG_ANALYZER_NUMBER_OBJECT_CONVERSION = YES_AGGRESSIVE;
				CLANG_CXX_LANGUAGE_STANDARD = "gnu++17";
				CLANG_CXX_LIBRARY = "libc++";
				CLANG_ENABLE_MODULES = YES;
				CLANG_ENABLE_OBJC_ARC = YES;
				CLANG_ENABLE_OBJC_WEAK = YES;
				CLANG_WARN_BLOCK_CAPTURE_AUTORELEASING = YES;
				CLANG_WARN_BOOL_CONVERSION = YES;
				CLANG_WARN_COMMA = YES;
				CLANG_WARN_CONSTANT_CONVERSION = YES;
				CLANG_WARN_DEPRECATED_OBJC_IMPLEMENTATIONS = YES;
				CLANG_WARN_DIRECT_OBJC_ISA_USAGE = YES_ERROR;
				CLANG_WARN_DOCUMENTATION_COMMENTS = YES;
				CLANG_WARN_EMPTY_BODY = YES;
				CLANG_WARN_ENUM_CONVERSION = YES;
				CLANG_WARN_INFINITE_RECURSION = YES;
				CLANG_WARN_INT_CONVERSION = YES;
				CLANG_WARN_NON_LITERAL_NULL_CONVERSION = YES;
				CLANG_WARN_OBJC_IMPLICIT_RETAIN_SELF = YES;
				CLANG_WARN_OBJC_LITERAL_CONVERSION = YES;
				CLANG_WARN_OBJC_ROOT_CLASS = YES_ERROR;
				CLANG_WARN_QUOTED_INCLUDE_IN_FRAMEWORK_HEADER = YES;
				CLANG_WARN_RANGE_LOOP_ANALYSIS = YES;
				CLANG_WARN_STRICT_PROTOTYPES = YES;
				CLANG_WARN_SUSPICIOUS_MOVE = YES;
				CLANG_WARN_UNGUARDED_AVAILABILITY = YES_AGGRESSIVE;
				CLANG_WARN_UNREACHABLE_CODE = YES;
				CLANG_WARN__DUPLICATE_METHOD_MATCH = YES;
				COPY_PHASE_STRIP = NO;
				DEBUG_INFORMATION_FORMAT = dwarf;
				ENABLE_STRICT_OBJC_MSGSEND = YES;
				ENABLE_TESTABILITY = YES;
				GCC_C_LANGUAGE_STANDARD = gnu11;
				GCC_DYNAMIC_NO_PIC = NO;
				GCC_NO_COMMON_BLOCKS = YES;
				GCC_OPTIMIZATION_LEVEL = 0;
				GCC_PREPROCESSOR_DEFINITIONS = (
					"DEBUG=1",
					"$(inherited)",
				);
				GCC_WARN_64_TO_32_BIT_CONVERSION = YES;
				GCC_WARN_ABOUT_RETURN_TYPE = YES_ERROR;
				GCC_WARN_UNDECLARED_SELECTOR = YES;
				GCC_WARN_UNINITIALIZED_AUTOS = YES_AGGRESSIVE;
				GCC_WARN_UNUSED_FUNCTION = YES;
				GCC_WARN_UNUSED_VARIABLE = YES;
				MACOSX_DEPLOYMENT_TARGET = 11.6;
				MTL_ENABLE_DEBUG_INFO = INCLUDE_SOURCE;
				MTL_FAST_MATH = YES;
				ONLY_ACTIVE_ARCH = YES;
				SDKROOT = macosx;
				SWIFT_ACTIVE_COMPILATION_CONDITIONS = DEBUG;
				SWIFT_OPTIMIZATION_LEVEL = "-Onone";
			};
			name = Debug;
		};
		E8C0243827FDBC4B00EDE498 /* Release */ = {
			isa = XCBuildConfiguration;
			buildSettings = {
				ALWAYS_SEARCH_USER_PATHS = NO;
				CLANG_ANALYZER_NONNULL = YES;
				CLANG_ANALYZER_NUMBER_OBJECT_CONVERSION = YES_AGGRESSIVE;
				CLANG_CXX_LANGUAGE_STANDARD = "gnu++17";
				CLANG_CXX_LIBRARY = "libc++";
				CLANG_ENABLE_MODULES = YES;
				CLANG_ENABLE_OBJC_ARC = YES;
				CLANG_ENABLE_OBJC_WEAK = YES;
				CLANG_WARN_BLOCK_CAPTURE_AUTORELEASING = YES;
				CLANG_WARN_BOOL_CONVERSION = YES;
				CLANG_WARN_COMMA = YES;
				CLANG_WARN_CONSTANT_CONVERSION = YES;
				CLANG_WARN_DEPRECATED_OBJC_IMPLEMENTATIONS = YES;
				CLANG_WARN_DIRECT_OBJC_ISA_USAGE = YES_ERROR;
				CLANG_WARN_DOCUMENTATION_COMMENTS = YES;
				CLANG_WARN_EMPTY_BODY = YES;
				CLANG_WARN_ENUM_CONVERSION = YES;
				CLANG_WARN_INFINITE_RECURSION = YES;
				CLANG_WARN_INT_CONVERSION = YES;
				CLANG_WARN_NON_LITERAL_NULL_CONVERSION = YES;
				CLANG_WARN_OBJC_IMPLICIT_RETAIN_SELF = YES;
				CLANG_WARN_OBJC_LITERAL_CONVERSION = YES;
				CLANG_WARN_OBJC_ROOT_CLASS = YES_ERROR;
				CLANG_WARN_QUOTED_INCLUDE_IN_FRAMEWORK_HEADER = YES;
				CLANG_WARN_RANGE_LOOP_ANALYSIS = YES;
				CLANG_WARN_STRICT_PROTOTYPES = YES;
				CLANG_WARN_SUSPICIOUS_MOVE = YES;
				CLANG_WARN_UNGUARDED_AVAILABILITY = YES_AGGRESSIVE;
				CLANG_WARN_UNREACHABLE_CODE = YES;
				CLANG_WARN__DUPLICATE_METHOD_MATCH = YES;
				COPY_PHASE_STRIP = NO;
				DEBUG_INFORMATION_FORMAT = "dwarf-with-dsym";
				ENABLE_NS_ASSERTIONS = NO;
				ENABLE_STRICT_OBJC_MSGSEND = YES;
				GCC_C_LANGUAGE_STANDARD = gnu11;
				GCC_NO_COMMON_BLOCKS = YES;
				GCC_WARN_64_TO_32_BIT_CONVERSION = YES;
				GCC_WARN_ABOUT_RETURN_TYPE = YES_ERROR;
				GCC_WARN_UNDECLARED_SELECTOR = YES;
				GCC_WARN_UNINITIALIZED_AUTOS = YES_AGGRESSIVE;
				GCC_WARN_UNUSED_FUNCTION = YES;
				GCC_WARN_UNUSED_VARIABLE = YES;
				MACOSX_DEPLOYMENT_TARGET = 11.6;
				MTL_ENABLE_DEBUG_INFO = NO;
				MTL_FAST_MATH = YES;
				SDKROOT = macosx;
				SWIFT_COMPILATION_MODE = wholemodule;
				SWIFT_OPTIMIZATION_LEVEL = "-O";
			};
			name = Release;
		};
		E8C0243A27FDBC4B00EDE498 /* Debug */ = {
			isa = XCBuildConfiguration;
			buildSettings = {
				ASSETCATALOG_COMPILER_APPICON_NAME = AppIcon;
				ASSETCATALOG_COMPILER_GLOBAL_ACCENT_COLOR_NAME = AccentColor;
				CODE_SIGN_ENTITLEMENTS = Schemes/Schemes.entitlements;
				CODE_SIGN_IDENTITY = "-";
				CODE_SIGN_STYLE = Automatic;
				COMBINE_HIDPI_IMAGES = YES;
				CURRENT_PROJECT_VERSION = 42;
				DEVELOPMENT_ASSET_PATHS = "\"Schemes/Preview Content\"";
				DEVELOPMENT_TEAM = 4GXF3JAMM4;
				ENABLE_HARDENED_RUNTIME = YES;
				ENABLE_PREVIEWS = YES;
				GENERATE_INFOPLIST_FILE = YES;
				INFOPLIST_KEY_NSHumanReadableCopyright = "";
				LD_RUNPATH_SEARCH_PATHS = (
					"$(inherited)",
					"@executable_path/../Frameworks",
				);
				MACOSX_DEPLOYMENT_TARGET = 12;
				MARKETING_VERSION = 0.5;
				PRODUCT_BUNDLE_IDENTIFIER = de.zeezide.swift.apps.Schemes;
				PRODUCT_NAME = "$(TARGET_NAME)";
				SWIFT_EMIT_LOC_STRINGS = YES;
				SWIFT_VERSION = 5.0;
			};
			name = Debug;
		};
		E8C0243B27FDBC4B00EDE498 /* Release */ = {
			isa = XCBuildConfiguration;
			buildSettings = {
				ASSETCATALOG_COMPILER_APPICON_NAME = AppIcon;
				ASSETCATALOG_COMPILER_GLOBAL_ACCENT_COLOR_NAME = AccentColor;
				CODE_SIGN_ENTITLEMENTS = Schemes/Schemes.entitlements;
				CODE_SIGN_IDENTITY = "-";
				CODE_SIGN_STYLE = Automatic;
				COMBINE_HIDPI_IMAGES = YES;
				CURRENT_PROJECT_VERSION = 42;
				DEVELOPMENT_ASSET_PATHS = "\"Schemes/Preview Content\"";
				DEVELOPMENT_TEAM = 4GXF3JAMM4;
				ENABLE_HARDENED_RUNTIME = YES;
				ENABLE_PREVIEWS = YES;
				GENERATE_INFOPLIST_FILE = YES;
				INFOPLIST_KEY_NSHumanReadableCopyright = "";
				LD_RUNPATH_SEARCH_PATHS = (
					"$(inherited)",
					"@executable_path/../Frameworks",
				);
				MACOSX_DEPLOYMENT_TARGET = 12;
				MARKETING_VERSION = 0.5;
				PRODUCT_BUNDLE_IDENTIFIER = de.zeezide.swift.apps.Schemes;
				PRODUCT_NAME = "$(TARGET_NAME)";
				SWIFT_EMIT_LOC_STRINGS = YES;
				SWIFT_VERSION = 5.0;
			};
			name = Release;
		};
/* End XCBuildConfiguration section */

/* Begin XCConfigurationList section */
		E8C0242527FDBC4A00EDE498 /* Build configuration list for PBXProject "Schemes" */ = {
			isa = XCConfigurationList;
			buildConfigurations = (
				E8C0243727FDBC4B00EDE498 /* Debug */,
				E8C0243827FDBC4B00EDE498 /* Release */,
			);
			defaultConfigurationIsVisible = 0;
			defaultConfigurationName = Release;
		};
		E8C0243927FDBC4B00EDE498 /* Build configuration list for PBXNativeTarget "Schemes" */ = {
			isa = XCConfigurationList;
			buildConfigurations = (
				E8C0243A27FDBC4B00EDE498 /* Debug */,
				E8C0243B27FDBC4B00EDE498 /* Release */,
			);
			defaultConfigurationIsVisible = 0;
			defaultConfigurationName = Release;
		};
/* End XCConfigurationList section */
	};
	rootObject = E8C0242227FDBC4A00EDE498 /* Project object */;
}
